
Microsoft Visual Studio Solution File, Format Version 12.00
# Visual Studio Version 16
VisualStudioVersion = 16.0.29424.173
MinimumVisualStudioVersion = 10.0.40219.1
Project("{FAE04EC0-301F-11D3-BF4B-00C04F79EFBC}") = "Game_PilotBrothersSafe", "Game_PilotBrothersSafe\Game_PilotBrothersSafe.csproj", "{F3A54B1E-2333-4966-A576-C156986D9572}"
EndProject
Global
	GlobalSection(SolutionConfigurationPlatforms) = preSolution
		Debug|Any CPU = Debug|Any CPU
		Release|Any CPU = Release|Any CPU
	EndGlobalSection
	GlobalSection(ProjectConfigurationPlatforms) = postSolution
		{F3A54B1E-2333-4966-A576-C156986D9572}.Debug|Any CPU.ActiveCfg = Debug|Any CPU
		{F3A54B1E-2333-4966-A576-C156986D9572}.Debug|Any CPU.Build.0 = Debug|Any CPU
		{F3A54B1E-2333-4966-A576-C156986D9572}.Release|Any CPU.ActiveCfg = Release|Any CPU
		{F3A54B1E-2333-4966-A576-C156986D9572}.Release|Any CPU.Build.0 = Release|Any CPU
	EndGlobalSection
	GlobalSection(SolutionProperties) = preSolution
		HideSolutionNode = FALSE
	EndGlobalSection
	GlobalSection(ExtensibilityGlobals) = postSolution
		SolutionGuid = {BE1A5BB3-850C-4DC7-8967-B979E341AC8F}
	EndGlobalSection
EndGlobal
